diff --git a/backend/package-lock.json b/backend/package-lock.json
index 24ed555cd0bc252147ab7d58e96c43bfeca5e49c..93c12e7b6ff1e6498e6206674181286a286f4fde 100644
--- a/backend/package-lock.json
+++ b/backend/package-lock.json
@@ -1,75 +1,75 @@
 {
   "name": "backend",
   "version": "0.0.1",
   "lockfileVersion": 3,
   "requires": true,
   "packages": {
     "": {
       "name": "backend",
       "version": "0.0.1",
       "license": "UNLICENSED",
       "dependencies": {
         "@nestjs/bullmq": "^11.0.4",
         "@nestjs/common": "^11.0.1",
         "@nestjs/config": "^4.0.2",
         "@nestjs/core": "^11.0.1",
         "@nestjs/jwt": "^11.0.2",
         "@nestjs/mapped-types": "^2.1.0",
         "@nestjs/passport": "^11.0.5",
         "@nestjs/platform-express": "^11.0.1",
         "@nestjs/schedule": "^6.1.0",
         "@nestjs/swagger": "^11.2.5",
         "@nestjs/throttler": "^6.5.0",
         "@prisma/client": "^6.2.1",
         "@types/bcrypt": "^6.0.0",
+        "@types/express": "^5.0.0",
+        "@types/multer": "^2.0.0",
         "@types/pdfkit": "^0.17.4",
         "bcrypt": "^6.0.0",
         "bullmq": "^5.66.7",
         "class-transformer": "^0.5.1",
         "class-validator": "^0.14.3",
         "exceljs": "^4.4.0",
         "helmet": "^8.1.0",
         "multer": "^2.0.2",
         "nodemailer": "^7.0.13",
         "passport": "^0.7.0",
         "passport-jwt": "^4.0.1",
         "pdfkit": "^0.17.2",
         "prisma": "^6.2.1",
         "reflect-metadata": "^0.2.2",
         "rxjs": "^7.8.1",
         "swagger-ui-express": "^5.0.1"
       },
       "devDependencies": {
         "@eslint/eslintrc": "^3.2.0",
         "@eslint/js": "^9.18.0",
         "@nestjs/cli": "^11.0.0",
         "@nestjs/schematics": "^11.0.0",
         "@nestjs/testing": "^11.0.1",
-        "@types/express": "^5.0.0",
         "@types/jest": "^30.0.0",
-        "@types/multer": "^2.0.0",
         "@types/node": "^22.10.7",
         "@types/nodemailer": "^7.0.9",
         "@types/supertest": "^6.0.2",
         "eslint": "^9.18.0",
         "eslint-config-prettier": "^10.0.1",
         "eslint-plugin-prettier": "^5.2.2",
         "globals": "^16.0.0",
         "jest": "^30.0.0",
         "prettier": "^3.4.2",
         "source-map-support": "^0.5.21",
         "supertest": "^7.0.0",
         "ts-jest": "^29.2.5",
         "ts-loader": "^9.5.2",
         "ts-node": "^10.9.2",
         "tsconfig-paths": "^4.2.0",
         "typescript": "^5.7.3",
         "typescript-eslint": "^8.20.0"
       }
     },
     "node_modules/@angular-devkit/core": {
       "version": "19.2.19",
       "resolved": "https://registry.npmjs.org/@angular-devkit/core/-/core-19.2.19.tgz",
       "integrity": "sha512-JbLL+4IMLMBgjLZlnPG4lYDfz4zGrJ/s6Aoon321NJKuw1Kb1k5KpFu9dUY0BqLIe8xPQ2UJBpI+xXdK5MXMHQ==",
       "dev": true,
       "license": "MIT",
@@ -11600,26 +11600,26 @@
         "node": ">= 10"
       }
     },
     "node_modules/zip-stream/node_modules/glob": {
       "version": "7.2.3",
       "resolved": "https://registry.npmjs.org/glob/-/glob-7.2.3.tgz",
       "integrity": "sha512-nFR0zLpU2YCaRxwoCJvL6UvCH2JFyFVIvwTLsIf21AuHlMskA1hhTdk+LlYJtOlYt9v6dvszD2BGRqBL+iQK9Q==",
       "deprecated": "Glob versions prior to v9 are no longer supported",
       "license": "ISC",
       "dependencies": {
         "fs.realpath": "^1.0.0",
         "inflight": "^1.0.4",
         "inherits": "2",
         "minimatch": "^3.1.1",
         "once": "^1.3.0",
         "path-is-absolute": "^1.0.0"
       },
       "engines": {
         "node": "*"
       },
       "funding": {
         "url": "https://github.com/sponsors/isaacs"
       }
     }
   }
-}
+}
\ No newline at end of file
